<?xml version="1.0" encoding="utf-8"?>
<Project ToolsVersion="4.0" xmlns="http://schemas.microsoft.com/developer/msbuild/2003">
  <ItemGroup>
    <Filter Include="Source Files">
      <UniqueIdentifier>{4FC737F1-C7A5-4376-A066-2A32D752A2FF}</UniqueIdentifier>
      <Extensions>cpp;c;cc;cxx;def;odl;idl;hpj;bat;asm;asmx</Extensions>
    </Filter>
    <Filter Include="Header Files">
      <UniqueIdentifier>{93995380-89BD-4b04-88EB-625FBE52EBFB}</UniqueIdentifier>
      <Extensions>h;hh;hpp;hxx;hm;inl;inc;xsd</Extensions>
    </Filter>
    <Filter Include="Resource Files">
      <UniqueIdentifier>{67DA6AB6-F800-4c08-8B7A-83BB121AAD01}</UniqueIdentifier>
      <Extensions>rc;ico;cur;bmp;dlg;rc2;rct;bin;rgs;gif;jpg;jpeg;jpe;resx;tiff;tif;png;wav</Extensions>
    </Filter>
  </ItemGroup>
  <ItemGroup>
    <ClCompile Include="CAimbot.cpp">
      <Filter>Source Files</Filter>
    </ClCompile>
    <ClCompile Include="CDraw.cpp">
      <Filter>Source Files</Filter>
    </ClCompile>
    <ClCompile Include="CESP.cpp">
      <Filter>Source Files</Filter>
    </ClCompile>
    <ClCompile Include="CGameEventManager.cpp">
      <Filter>Source Files</Filter>
    </ClCompile>
    <ClCompile Include="client.cpp">
      <Filter>Source Files</Filter>
    </ClCompile>
    <ClCompile Include="CMath.cpp">
      <Filter>Source Files</Filter>
    </ClCompile>
    <ClCompile Include="CNoSpread.cpp">
      <Filter>Source Files</Filter>
    </ClCompile>
    <ClCompile Include="CValve.cpp">
      <Filter>Source Files</Filter>
    </ClCompile>
    <ClCompile Include="CVARS.cpp">
      <Filter>Source Files</Filter>
    </ClCompile>
    <ClCompile Include="CWinsock.cpp">
      <Filter>Source Files</Filter>
    </ClCompile>
    <ClCompile Include="DllMain.cpp">
      <Filter>Source Files</Filter>
    </ClCompile>
    <ClCompile Include="MD5.cpp">
      <Filter>Source Files</Filter>
    </ClCompile>
    <ClCompile Include="menu.cpp">
      <Filter>Source Files</Filter>
    </ClCompile>
    <ClCompile Include="mouse.cpp">
      <Filter>Source Files</Filter>
    </ClCompile>
    <ClCompile Include="Netvars.cpp">
      <Filter>Source Files</Filter>
    </ClCompile>
    <ClCompile Include="Surface.cpp">
      <Filter>Source Files</Filter>
    </ClCompile>
    <ClCompile Include="Utils.cpp">
      <Filter>Source Files</Filter>
    </ClCompile>
    <ClCompile Include="checksum_crc.cpp">
      <Filter>Source Files</Filter>
    </ClCompile>
  </ItemGroup>
  <ItemGroup>
    <ClInclude Include="CAimbot.h">
      <Filter>Header Files</Filter>
    </ClInclude>
    <ClInclude Include="CBaseCombatWeapon.h">
      <Filter>Header Files</Filter>
    </ClInclude>
    <ClInclude Include="CBaseEntity.h">
      <Filter>Header Files</Filter>
    </ClInclude>
    <ClInclude Include="CDebugOverlay.h">
      <Filter>Header Files</Filter>
    </ClInclude>
    <ClInclude Include="CDraw.h">
      <Filter>Header Files</Filter>
    </ClInclude>
    <ClInclude Include="CEngineClient.h">
      <Filter>Header Files</Filter>
    </ClInclude>
    <ClInclude Include="CEntityList.h">
      <Filter>Header Files</Filter>
    </ClInclude>
    <ClInclude Include="CESP.h">
      <Filter>Header Files</Filter>
    </ClInclude>
    <ClInclude Include="CGameEventManager.h">
      <Filter>Header Files</Filter>
    </ClInclude>
    <ClInclude Include="CGameMovement.h">
      <Filter>Header Files</Filter>
    </ClInclude>
    <ClInclude Include="CGlobalVars.h">
      <Filter>Header Files</Filter>
    </ClInclude>
    <ClInclude Include="CInput.h">
      <Filter>Header Files</Filter>
    </ClInclude>
    <ClInclude Include="client.h">
      <Filter>Header Files</Filter>
    </ClInclude>
    <ClInclude Include="ClientClass.h">
      <Filter>Header Files</Filter>
    </ClInclude>
    <ClInclude Include="CMath.h">
      <Filter>Header Files</Filter>
    </ClInclude>
    <ClInclude Include="CModelInfo.h">
      <Filter>Header Files</Filter>
    </ClInclude>
    <ClInclude Include="CNoSpread.h">
      <Filter>Header Files</Filter>
    </ClInclude>
    <ClInclude Include="ConVar.h">
      <Filter>Header Files</Filter>
    </ClInclude>
    <ClInclude Include="CPrediction.h">
      <Filter>Header Files</Filter>
    </ClInclude>
    <ClInclude Include="CTrace.h">
      <Filter>Header Files</Filter>
    </ClInclude>
    <ClInclude Include="CValve.h">
      <Filter>Header Files</Filter>
    </ClInclude>
    <ClInclude Include="CVARS.h">
      <Filter>Header Files</Filter>
    </ClInclude>
    <ClInclude Include="CWinsock.h">
      <Filter>Header Files</Filter>
    </ClInclude>
    <ClInclude Include="DllMain.h">
      <Filter>Header Files</Filter>
    </ClInclude>
    <ClInclude Include="HLClient.h">
      <Filter>Header Files</Filter>
    </ClInclude>
    <ClInclude Include="IGameEvent.h">
      <Filter>Header Files</Filter>
    </ClInclude>
    <ClInclude Include="IGameEventListener2.h">
      <Filter>Header Files</Filter>
    </ClInclude>
    <ClInclude Include="IGameEventManager.h">
      <Filter>Header Files</Filter>
    </ClInclude>
    <ClInclude Include="IMoveHelper.h">
      <Filter>Header Files</Filter>
    </ClInclude>
    <ClInclude Include="IPanel.h">
      <Filter>Header Files</Filter>
    </ClInclude>
    <ClInclude Include="ISurface.h">
      <Filter>Header Files</Filter>
    </ClInclude>
    <ClInclude Include="MD5.h">
      <Filter>Header Files</Filter>
    </ClInclude>
    <ClInclude Include="menu.h">
      <Filter>Header Files</Filter>
    </ClInclude>
    <ClInclude Include="mouse.h">
      <Filter>Header Files</Filter>
    </ClInclude>
    <ClInclude Include="netvars.h">
      <Filter>Header Files</Filter>
    </ClInclude>
    <ClInclude Include="platform.h">
      <Filter>Header Files</Filter>
    </ClInclude>
    <ClInclude Include="ReflectiveDLLInjection.h">
      <Filter>Header Files</Filter>
    </ClInclude>
    <ClInclude Include="ReflectiveLoader.h">
      <Filter>Header Files</Filter>
    </ClInclude>
    <ClInclude Include="sdk.h">
      <Filter>Header Files</Filter>
    </ClInclude>
    <ClInclude Include="Surface.h">
      <Filter>Header Files</Filter>
    </ClInclude>
    <ClInclude Include="Utils.h">
      <Filter>Header Files</Filter>
    </ClInclude>
    <ClInclude Include="valve_off.h">
      <Filter>Header Files</Filter>
    </ClInclude>
    <ClInclude Include="valve_on.h">
      <Filter>Header Files</Filter>
    </ClInclude>
    <ClInclude Include="Vector.h">
      <Filter>Header Files</Filter>
    </ClInclude>
    <ClInclude Include="wchartypes.h">
      <Filter>Header Files</Filter>
    </ClInclude>
    <ClInclude Include="xor.h">
      <Filter>Header Files</Filter>
    </ClInclude>
    <ClInclude Include="valve\dt_common2.h">
      <Filter>Header Files</Filter>
    </ClInclude>
    <ClInclude Include="valve\dt_recv2.h">
      <Filter>Header Files</Filter>
    </ClInclude>
    <ClInclude Include="checksum_crc.h">
      <Filter>Header Files</Filter>
    </ClInclude>
  </ItemGroup>
</Project>